{
  "name": "TsLib",
  "lockfileVersion": 2,
  "requires": true,
  "packages": {
    "": {
      "dependencies": {
        "@highland-farm/simple-quagga": "^0.1.3"
      },
      "devDependencies": {
        "@types/blazor__javascript-interop": "^3.1.2",
        "esbuild": "^0.11.14",
        "typescript": "^4.2.4"
      }
    },
    "node_modules/@highland-farm/simple-quagga": {
      "version": "0.1.3",
      "resolved": "https://registry.npmjs.org/@highland-farm/simple-quagga/-/simple-quagga-0.1.3.tgz",
      "integrity": "sha512-zK9GPKsKwDW0drqV4nXSO5ltQ4C9NXV6u81pWl3mKD61I/d/xvqlPScLAD4v36DH2rURAcbP0KwESvrOAO9I/g=="
    },
    "node_modules/@types/blazor__javascript-interop": {
      "version": "3.1.2",
      "resolved": "https://registry.npmjs.org/@types/blazor__javascript-interop/-/blazor__javascript-interop-3.1.2.tgz",
      "integrity": "sha512-W9R+VZ8AFKoXBCCyccRLKrMmCVrridLShgGf4By+1xqfWFprERzqu0DinKn47P0q6x8G/3HCvgYRP2a/y8AjxA==",
      "dev": true
    },
    "node_modules/esbuild": {
      "version": "0.11.14",
      "dev": true,
      "hasInstallScript": true,
      "license": "MIT",
      "bin": {
        "esbuild": "bin/esbuild"
      }
    },
    "node_modules/typescript": {
      "version": "4.2.4",
      "dev": true,
      "license": "Apache-2.0",
      "bin": {
        "tsc": "bin/tsc",
        "tsserver": "bin/tsserver"
      },
      "engines": {
        "node": ">=4.2.0"
      }
    }
  },
  "dependencies": {
    "@highland-farm/simple-quagga": {
      "version": "0.1.3",
      "resolved": "https://registry.npmjs.org/@highland-farm/simple-quagga/-/simple-quagga-0.1.3.tgz",
      "integrity": "sha512-zK9GPKsKwDW0drqV4nXSO5ltQ4C9NXV6u81pWl3mKD61I/d/xvqlPScLAD4v36DH2rURAcbP0KwESvrOAO9I/g=="
    },
    "@types/blazor__javascript-interop": {
      "version": "3.1.2",
      "resolved": "https://registry.npmjs.org/@types/blazor__javascript-interop/-/blazor__javascript-interop-3.1.2.tgz",
      "integrity": "sha512-W9R+VZ8AFKoXBCCyccRLKrMmCVrridLShgGf4By+1xqfWFprERzqu0DinKn47P0q6x8G/3HCvgYRP2a/y8AjxA==",
      "dev": true
    },
    "esbuild": {
      "version": "0.11.14",
      "dev": true
    },
    "typescript": {
      "version": "4.2.4",
      "dev": true
    }
  }
}
