{
  "name": "TsLib",
  "lockfileVersion": 2,
  "requires": true,
  "packages": {
    "": {
      "devDependencies": {
        "esbuild": "^0.11.14",
        "typescript": "^4.2.4"
      }
    },
    "node_modules/esbuild": {
      "version": "0.11.14",
      "dev": true,
      "hasInstallScript": true,
      "license": "MIT",
      "bin": {
        "esbuild": "bin/esbuild"
      }
    },
    "node_modules/typescript": {
      "version": "4.2.4",
      "dev": true,
      "license": "Apache-2.0",
      "bin": {
        "tsc": "bin/tsc",
        "tsserver": "bin/tsserver"
      },
      "engines": {
        "node": ">=4.2.0"
      }
    }
  },
  "dependencies": {
    "esbuild": {
      "version": "0.11.14",
      "dev": true
    },
    "typescript": {
      "version": "4.2.4",
      "dev": true
    }
  }
}
