{
  "name": "TsLib",
  "lockfileVersion": 2,
  "requires": true,
  "packages": {
    "": {
      "dependencies": {
        "@highland-farm/simple-quagga": "^0.1.0"
      },
      "devDependencies": {
        "esbuild": "^0.11.14",
        "typescript": "^4.2.4"
      }
    },
    "node_modules/@highland-farm/simple-quagga": {
      "version": "0.1.0",
      "resolved": "https://registry.npmjs.org/@highland-farm/simple-quagga/-/simple-quagga-0.1.0.tgz",
      "integrity": "sha512-hCm1MUov/L+sQaDU+p8g2qSqgqodpcoigUcX3lvbBvSiO+R2HB/G254lJP6QZN23W9zIECEajE0FgZQHe14ZDA=="
    },
    "node_modules/esbuild": {
      "version": "0.11.14",
      "dev": true,
      "hasInstallScript": true,
      "license": "MIT",
      "bin": {
        "esbuild": "bin/esbuild"
      }
    },
    "node_modules/typescript": {
      "version": "4.2.4",
      "dev": true,
      "license": "Apache-2.0",
      "bin": {
        "tsc": "bin/tsc",
        "tsserver": "bin/tsserver"
      },
      "engines": {
        "node": ">=4.2.0"
      }
    }
  },
  "dependencies": {
    "@highland-farm/simple-quagga": {
      "version": "0.1.0",
      "resolved": "https://registry.npmjs.org/@highland-farm/simple-quagga/-/simple-quagga-0.1.0.tgz",
      "integrity": "sha512-hCm1MUov/L+sQaDU+p8g2qSqgqodpcoigUcX3lvbBvSiO+R2HB/G254lJP6QZN23W9zIECEajE0FgZQHe14ZDA=="
    },
    "esbuild": {
      "version": "0.11.14",
      "dev": true
    },
    "typescript": {
      "version": "4.2.4",
      "dev": true
    }
  }
}
